<?xml version="1.0" encoding="utf-8"?>
<Project ToolsVersion="4.0" xmlns="http://schemas.microsoft.com/developer/msbuild/2003">
  <ItemGroup>
    <ClCompile Include="main.cpp">
      <Filter>ex-client</Filter>
    </ClCompile>
    <ClCompile Include="FGUI\widgets\button.cpp">
      <Filter>ex-client\FGUI\widgets</Filter>
    </ClCompile>
    <ClCompile Include="FGUI\widgets\checkbox.cpp">
      <Filter>ex-client\FGUI\widgets</Filter>
    </ClCompile>
    <ClCompile Include="FGUI\widgets\colorpicker.cpp">
      <Filter>ex-client\FGUI\widgets</Filter>
    </ClCompile>
    <ClCompile Include="FGUI\widgets\combobox.cpp">
      <Filter>ex-client\FGUI\widgets</Filter>
    </ClCompile>
    <ClCompile Include="FGUI\widgets\container.cpp">
      <Filter>ex-client\FGUI\widgets</Filter>
    </ClCompile>
    <ClCompile Include="FGUI\widgets\keybinder.cpp">
      <Filter>ex-client\FGUI\widgets</Filter>
    </ClCompile>
    <ClCompile Include="FGUI\widgets\label.cpp">
      <Filter>ex-client\FGUI\widgets</Filter>
    </ClCompile>
    <ClCompile Include="FGUI\widgets\listbox.cpp">
      <Filter>ex-client\FGUI\widgets</Filter>
    </ClCompile>
    <ClCompile Include="FGUI\widgets\multibox.cpp">
      <Filter>ex-client\FGUI\widgets</Filter>
    </ClCompile>
    <ClCompile Include="FGUI\widgets\slider.cpp">
      <Filter>ex-client\FGUI\widgets</Filter>
    </ClCompile>
    <ClCompile Include="FGUI\widgets\textbox.cpp">
      <Filter>ex-client\FGUI\widgets</Filter>
    </ClCompile>
    <ClCompile Include="FGUI\widgets\widgets.cpp">
      <Filter>ex-client\FGUI\widgets</Filter>
    </ClCompile>
    <ClCompile Include="FGUI\widgets\itemselector.cpp">
      <Filter>ex-client\FGUI\widgets</Filter>
    </ClCompile>
    <ClCompile Include="FGUI\widgets\tabpanel.cpp">
      <Filter>ex-client\FGUI\widgets</Filter>
    </ClCompile>
    <ClCompile Include="FGUI\widgets\cursor.cpp">
      <Filter>ex-client\FGUI\widgets</Filter>
    </ClCompile>
  </ItemGroup>
  <ItemGroup>
    <ClInclude Include="overlay.hpp">
      <Filter>ex-client\overlay</Filter>
    </ClInclude>
    <ClInclude Include="render.hpp">
      <Filter>ex-client\render</Filter>
    </ClInclude>
    <ClInclude Include="ring0.hpp">
      <Filter>ex-client\memory</Filter>
    </ClInclude>
    <ClInclude Include="ring3.hpp">
      <Filter>ex-client\memory</Filter>
    </ClInclude>
    <ClInclude Include="input.hpp">
      <Filter>ex-client\input</Filter>
    </ClInclude>
    <ClInclude Include="menu.hpp">
      <Filter>ex-client\menu</Filter>
    </ClInclude>
    <ClInclude Include="utilities.hpp">
      <Filter>ex-client\utilities</Filter>
    </ClInclude>
    <ClInclude Include="helpers.hpp">
      <Filter>ex-client\utilities</Filter>
    </ClInclude>
    <ClInclude Include="FGUI\dependencies\external\json.hpp">
      <Filter>ex-client\FGUI\dependencies\external</Filter>
    </ClInclude>
    <ClInclude Include="FGUI\misc\builder.hpp">
      <Filter>ex-client\FGUI\misc</Filter>
    </ClInclude>
    <ClInclude Include="FGUI\widgets\button.hpp">
      <Filter>ex-client\FGUI\widgets</Filter>
    </ClInclude>
    <ClInclude Include="FGUI\widgets\checkbox.hpp">
      <Filter>ex-client\FGUI\widgets</Filter>
    </ClInclude>
    <ClInclude Include="FGUI\widgets\colorpicker.hpp">
      <Filter>ex-client\FGUI\widgets</Filter>
    </ClInclude>
    <ClInclude Include="FGUI\widgets\combobox.hpp">
      <Filter>ex-client\FGUI\widgets</Filter>
    </ClInclude>
    <ClInclude Include="FGUI\widgets\container.hpp">
      <Filter>ex-client\FGUI\widgets</Filter>
    </ClInclude>
    <ClInclude Include="FGUI\widgets\keybinder.hpp">
      <Filter>ex-client\FGUI\widgets</Filter>
    </ClInclude>
    <ClInclude Include="FGUI\widgets\label.hpp">
      <Filter>ex-client\FGUI\widgets</Filter>
    </ClInclude>
    <ClInclude Include="FGUI\widgets\listbox.hpp">
      <Filter>ex-client\FGUI\widgets</Filter>
    </ClInclude>
    <ClInclude Include="FGUI\widgets\multibox.hpp">
      <Filter>ex-client\FGUI\widgets</Filter>
    </ClInclude>
    <ClInclude Include="FGUI\widgets\slider.hpp">
      <Filter>ex-client\FGUI\widgets</Filter>
    </ClInclude>
    <ClInclude Include="FGUI\widgets\textbox.hpp">
      <Filter>ex-client\FGUI\widgets</Filter>
    </ClInclude>
    <ClInclude Include="FGUI\widgets\widgets.hpp">
      <Filter>ex-client\FGUI\widgets</Filter>
    </ClInclude>
    <ClInclude Include="FGUI\FGUI.hpp">
      <Filter>ex-client\FGUI</Filter>
    </ClInclude>
    <ClInclude Include="FGUI\widgets\itemselector.hpp">
      <Filter>ex-client\FGUI\widgets</Filter>
    </ClInclude>
    <ClInclude Include="FGUI\widgets\tabpanel.hpp">
      <Filter>ex-client\FGUI\widgets</Filter>
    </ClInclude>
    <ClInclude Include="FGUI\internal\aliases.hpp">
      <Filter>ex-client\FGUI\internal</Filter>
    </ClInclude>
    <ClInclude Include="FGUI\internal\definitions.hpp">
      <Filter>ex-client\FGUI\internal</Filter>
    </ClInclude>
    <ClInclude Include="FGUI\internal\helpers.hpp">
      <Filter>ex-client\FGUI\internal</Filter>
    </ClInclude>
    <ClInclude Include="FGUI\widgets\cursor.hpp">
      <Filter>ex-client\FGUI\widgets</Filter>
    </ClInclude>
  </ItemGroup>
  <ItemGroup>
    <Filter Include="ex-client">
      <UniqueIdentifier>{6cfe7d08-b0db-47cf-85d4-c5035cf6fd1b}</UniqueIdentifier>
    </Filter>
    <Filter Include="ex-client\overlay">
      <UniqueIdentifier>{bf4b719e-0a71-4118-ad5e-36ecf29d78bd}</UniqueIdentifier>
    </Filter>
    <Filter Include="ex-client\memory">
      <UniqueIdentifier>{2eceaca8-b03d-4484-a189-cb32d26b2240}</UniqueIdentifier>
    </Filter>
    <Filter Include="ex-client\render">
      <UniqueIdentifier>{1cbdd377-48a2-487e-8618-96e0b849df1d}</UniqueIdentifier>
    </Filter>
    <Filter Include="ex-client\FGUI">
      <UniqueIdentifier>{e4362d07-76e9-4b20-8877-c34f7605b415}</UniqueIdentifier>
    </Filter>
    <Filter Include="ex-client\FGUI\widgets">
      <UniqueIdentifier>{c962e831-c528-4779-8971-4e9759050e8f}</UniqueIdentifier>
    </Filter>
    <Filter Include="ex-client\FGUI\dependencies">
      <UniqueIdentifier>{e35d7b12-27fb-4008-a455-88160dd817eb}</UniqueIdentifier>
    </Filter>
    <Filter Include="ex-client\input">
      <UniqueIdentifier>{bd639602-a15c-4e65-9be5-472693aec1ec}</UniqueIdentifier>
    </Filter>
    <Filter Include="ex-client\menu">
      <UniqueIdentifier>{64bd0d4b-9f98-44ec-8a4e-35a578be5f4f}</UniqueIdentifier>
    </Filter>
    <Filter Include="ex-client\utilities">
      <UniqueIdentifier>{41ff9744-c6b6-4d87-86c2-e103d206966e}</UniqueIdentifier>
    </Filter>
    <Filter Include="ex-client\FGUI\dependencies\external">
      <UniqueIdentifier>{d2f44e33-a45e-4a46-b70f-1b0c3321029b}</UniqueIdentifier>
    </Filter>
    <Filter Include="ex-client\FGUI\misc">
      <UniqueIdentifier>{a7341c29-4c98-44de-b7a8-103d0e667f6a}</UniqueIdentifier>
    </Filter>
    <Filter Include="ex-client\FGUI\internal">
      <UniqueIdentifier>{f89fbc44-c2c9-4b3f-8a84-4e77f588b20b}</UniqueIdentifier>
    </Filter>
  </ItemGroup>
</Project>